
Microsoft Visual Studio Solution File, Format Version 12.00
# Visual Studio Version 17
VisualStudioVersion = 17.3.32825.248
MinimumVisualStudioVersion = 10.0.40219.1
Project("{9A19103F-16F7-4668-BE54-9A1E7A4F7556}") = "KNet", "KNet\KNet.csproj", "{9C1888CC-3151-48AC-AC90-BCC03DC35EB5}"
EndProject
Project("{9A19103F-16F7-4668-BE54-9A1E7A4F7556}") = "KNetCLI", "KNetCLI\KNetCLI.csproj", "{9F3FBD10-BD37-48B3-8209-84528A2E1FDF}"
	ProjectSection(ProjectDependencies) = postProject
		{9C1888CC-3151-48AC-AC90-BCC03DC35EB5} = {9C1888CC-3151-48AC-AC90-BCC03DC35EB5}
	EndProjectSection
EndProject
Project("{9A19103F-16F7-4668-BE54-9A1E7A4F7556}") = "templatepack", "templates\templatepack.csproj", "{8778C196-4145-4140-8E91-9C2475DEB121}"
EndProject
Project("{9A19103F-16F7-4668-BE54-9A1E7A4F7556}") = "KNetPS", "KNetPS\KNetPS.csproj", "{17CFAF93-A49D-48C7-B6CD-13B9A45DD48A}"
EndProject
Project("{9A19103F-16F7-4668-BE54-9A1E7A4F7556}") = "KNetConnect", "KNetConnect\KNetConnect.csproj", "{22AB323C-1165-47DD-9428-CB577256B3C2}"
EndProject
Project("{9A19103F-16F7-4668-BE54-9A1E7A4F7556}") = "KNet.Serialization.Json", "KNet.Serialization.Json\KNet.Serialization.Json.csproj", "{B0887E02-C3A2-491D-8413-BAFBE5A0BF78}"
EndProject
Project("{9A19103F-16F7-4668-BE54-9A1E7A4F7556}") = "KNet.Serialization.Avro", "KNet.Serialization.Avro\KNet.Serialization.Avro.csproj", "{0BB77D0B-E3B6-4F4D-9CAA-6BCC6783AF4B}"
EndProject
Project("{9A19103F-16F7-4668-BE54-9A1E7A4F7556}") = "KNet.Serialization.Protobuf", "KNet.Serialization.Protobuf\KNet.Serialization.Protobuf.csproj", "{52F0CA8A-999A-487E-85AF-7FF8E6CCD313}"
EndProject
Global
	GlobalSection(SolutionConfigurationPlatforms) = preSolution
		Debug|Any CPU = Debug|Any CPU
		Release|Any CPU = Release|Any CPU
	EndGlobalSection
	GlobalSection(ProjectConfigurationPlatforms) = postSolution
		{9C1888CC-3151-48AC-AC90-BCC03DC35EB5}.Debug|Any CPU.ActiveCfg = Debug|Any CPU
		{9C1888CC-3151-48AC-AC90-BCC03DC35EB5}.Debug|Any CPU.Build.0 = Debug|Any CPU
		{9C1888CC-3151-48AC-AC90-BCC03DC35EB5}.Release|Any CPU.ActiveCfg = Release|Any CPU
		{9C1888CC-3151-48AC-AC90-BCC03DC35EB5}.Release|Any CPU.Build.0 = Release|Any CPU
		{9F3FBD10-BD37-48B3-8209-84528A2E1FDF}.Debug|Any CPU.ActiveCfg = Debug|Any CPU
		{9F3FBD10-BD37-48B3-8209-84528A2E1FDF}.Debug|Any CPU.Build.0 = Debug|Any CPU
		{9F3FBD10-BD37-48B3-8209-84528A2E1FDF}.Release|Any CPU.ActiveCfg = Release|Any CPU
		{9F3FBD10-BD37-48B3-8209-84528A2E1FDF}.Release|Any CPU.Build.0 = Release|Any CPU
		{8778C196-4145-4140-8E91-9C2475DEB121}.Debug|Any CPU.ActiveCfg = Debug|Any CPU
		{8778C196-4145-4140-8E91-9C2475DEB121}.Debug|Any CPU.Build.0 = Debug|Any CPU
		{8778C196-4145-4140-8E91-9C2475DEB121}.Release|Any CPU.ActiveCfg = Release|Any CPU
		{8778C196-4145-4140-8E91-9C2475DEB121}.Release|Any CPU.Build.0 = Release|Any CPU
		{17CFAF93-A49D-48C7-B6CD-13B9A45DD48A}.Debug|Any CPU.ActiveCfg = Debug|Any CPU
		{17CFAF93-A49D-48C7-B6CD-13B9A45DD48A}.Debug|Any CPU.Build.0 = Debug|Any CPU
		{17CFAF93-A49D-48C7-B6CD-13B9A45DD48A}.Release|Any CPU.ActiveCfg = Release|Any CPU
		{17CFAF93-A49D-48C7-B6CD-13B9A45DD48A}.Release|Any CPU.Build.0 = Release|Any CPU
		{22AB323C-1165-47DD-9428-CB577256B3C2}.Debug|Any CPU.ActiveCfg = Debug|Any CPU
		{22AB323C-1165-47DD-9428-CB577256B3C2}.Debug|Any CPU.Build.0 = Debug|Any CPU
		{22AB323C-1165-47DD-9428-CB577256B3C2}.Release|Any CPU.ActiveCfg = Release|Any CPU
		{22AB323C-1165-47DD-9428-CB577256B3C2}.Release|Any CPU.Build.0 = Release|Any CPU
		{B0887E02-C3A2-491D-8413-BAFBE5A0BF78}.Debug|Any CPU.ActiveCfg = Debug|Any CPU
		{B0887E02-C3A2-491D-8413-BAFBE5A0BF78}.Debug|Any CPU.Build.0 = Debug|Any CPU
		{B0887E02-C3A2-491D-8413-BAFBE5A0BF78}.Release|Any CPU.ActiveCfg = Release|Any CPU
		{B0887E02-C3A2-491D-8413-BAFBE5A0BF78}.Release|Any CPU.Build.0 = Release|Any CPU
		{0BB77D0B-E3B6-4F4D-9CAA-6BCC6783AF4B}.Debug|Any CPU.ActiveCfg = Debug|Any CPU
		{0BB77D0B-E3B6-4F4D-9CAA-6BCC6783AF4B}.Debug|Any CPU.Build.0 = Debug|Any CPU
		{0BB77D0B-E3B6-4F4D-9CAA-6BCC6783AF4B}.Release|Any CPU.ActiveCfg = Release|Any CPU
		{0BB77D0B-E3B6-4F4D-9CAA-6BCC6783AF4B}.Release|Any CPU.Build.0 = Release|Any CPU
		{52F0CA8A-999A-487E-85AF-7FF8E6CCD313}.Debug|Any CPU.ActiveCfg = Debug|Any CPU
		{52F0CA8A-999A-487E-85AF-7FF8E6CCD313}.Debug|Any CPU.Build.0 = Debug|Any CPU
		{52F0CA8A-999A-487E-85AF-7FF8E6CCD313}.Release|Any CPU.ActiveCfg = Release|Any CPU
		{52F0CA8A-999A-487E-85AF-7FF8E6CCD313}.Release|Any CPU.Build.0 = Release|Any CPU
	EndGlobalSection
	GlobalSection(SolutionProperties) = preSolution
		HideSolutionNode = FALSE
	EndGlobalSection
	GlobalSection(ExtensibilityGlobals) = postSolution
		SolutionGuid = {337100A8-DBCD-4838-B9C7-74EC0DE78755}
	EndGlobalSection
EndGlobal
