
Microsoft Visual Studio Solution File, Format Version 12.00
# Visual Studio Version 16
VisualStudioVersion = 16.0.31624.102
MinimumVisualStudioVersion = 10.0.40219.1
Project("{9A19103F-16F7-4668-BE54-9A1E7A4F7556}") = "KafkaBridgeTest", "KafkaBridgeTest\KafkaBridgeTest.csproj", "{C556E8A0-8B06-4D5B-AEAD-B318B48DF150}"
EndProject
Project("{9A19103F-16F7-4668-BE54-9A1E7A4F7556}") = "KafkaBridge", "..\src\net\KafkaBridge\KafkaBridge.csproj", "{14871D50-7E4E-4BAE-8005-CA86E891F602}"
EndProject
Project("{9A19103F-16F7-4668-BE54-9A1E7A4F7556}") = "KafkaBridgeTestStreams", "KafkaBridgeTestStreams\KafkaBridgeTestStreams.csproj", "{17E101E1-A0F8-44F0-929C-498E4A41F551}"
EndProject
Project("{9A19103F-16F7-4668-BE54-9A1E7A4F7556}") = "KafkaBridgeTestAdmin", "KafkaBridgeTestAdmin\KafkaBridgeTestAdmin.csproj", "{DE8D288D-8438-42EA-892F-F59840CFE322}"
EndProject
Global
	GlobalSection(SolutionConfigurationPlatforms) = preSolution
		Debug|Any CPU = Debug|Any CPU
		Release|Any CPU = Release|Any CPU
	EndGlobalSection
	GlobalSection(ProjectConfigurationPlatforms) = postSolution
		{C556E8A0-8B06-4D5B-AEAD-B318B48DF150}.Debug|Any CPU.ActiveCfg = Debug|Any CPU
		{C556E8A0-8B06-4D5B-AEAD-B318B48DF150}.Debug|Any CPU.Build.0 = Debug|Any CPU
		{C556E8A0-8B06-4D5B-AEAD-B318B48DF150}.Release|Any CPU.ActiveCfg = Release|Any CPU
		{C556E8A0-8B06-4D5B-AEAD-B318B48DF150}.Release|Any CPU.Build.0 = Release|Any CPU
		{14871D50-7E4E-4BAE-8005-CA86E891F602}.Debug|Any CPU.ActiveCfg = Debug|Any CPU
		{14871D50-7E4E-4BAE-8005-CA86E891F602}.Debug|Any CPU.Build.0 = Debug|Any CPU
		{14871D50-7E4E-4BAE-8005-CA86E891F602}.Release|Any CPU.ActiveCfg = Release|Any CPU
		{14871D50-7E4E-4BAE-8005-CA86E891F602}.Release|Any CPU.Build.0 = Release|Any CPU
		{17E101E1-A0F8-44F0-929C-498E4A41F551}.Debug|Any CPU.ActiveCfg = Debug|Any CPU
		{17E101E1-A0F8-44F0-929C-498E4A41F551}.Debug|Any CPU.Build.0 = Debug|Any CPU
		{17E101E1-A0F8-44F0-929C-498E4A41F551}.Release|Any CPU.ActiveCfg = Release|Any CPU
		{17E101E1-A0F8-44F0-929C-498E4A41F551}.Release|Any CPU.Build.0 = Release|Any CPU
		{DE8D288D-8438-42EA-892F-F59840CFE322}.Debug|Any CPU.ActiveCfg = Debug|Any CPU
		{DE8D288D-8438-42EA-892F-F59840CFE322}.Debug|Any CPU.Build.0 = Debug|Any CPU
		{DE8D288D-8438-42EA-892F-F59840CFE322}.Release|Any CPU.ActiveCfg = Release|Any CPU
		{DE8D288D-8438-42EA-892F-F59840CFE322}.Release|Any CPU.Build.0 = Release|Any CPU
	EndGlobalSection
	GlobalSection(SolutionProperties) = preSolution
		HideSolutionNode = FALSE
	EndGlobalSection
	GlobalSection(ExtensibilityGlobals) = postSolution
		SolutionGuid = {0A7C16DC-1BAA-44BC-AA1C-D40B7B61878E}
	EndGlobalSection
EndGlobal
