
Microsoft Visual Studio Solution File, Format Version 12.00
# Visual Studio Version 17
VisualStudioVersion = 17.1.32319.34
MinimumVisualStudioVersion = 10.0.40219.1
Project("{9A19103F-16F7-4668-BE54-9A1E7A4F7556}") = "KNetTest", "KNetTest\KNetTest.csproj", "{C556E8A0-8B06-4D5B-AEAD-B318B48DF150}"
EndProject
Project("{9A19103F-16F7-4668-BE54-9A1E7A4F7556}") = "KNet", "..\src\net\KNet\KNet.csproj", "{14871D50-7E4E-4BAE-8005-CA86E891F602}"
EndProject
Project("{9A19103F-16F7-4668-BE54-9A1E7A4F7556}") = "KNetTestStreams", "KNetTestStreams\KNetTestStreams.csproj", "{17E101E1-A0F8-44F0-929C-498E4A41F551}"
EndProject
Project("{9A19103F-16F7-4668-BE54-9A1E7A4F7556}") = "KNetTestAdmin", "KNetTestAdmin\KNetTestAdmin.csproj", "{DE8D288D-8438-42EA-892F-F59840CFE322}"
EndProject
Project("{9A19103F-16F7-4668-BE54-9A1E7A4F7556}") = "KNetBenchmark", "KNetBenchmark\KNetBenchmark.csproj", "{8A6C9438-A389-4563-98EE-1386E0E62AAA}"
EndProject
Project("{9A19103F-16F7-4668-BE54-9A1E7A4F7556}") = "KNetTopicCopyBenchmark", "KNetTopicCopyBenchmark\KNetTopicCopyBenchmark.csproj", "{C6A11273-A560-4BB1-9234-961D30824DAB}"
EndProject
Project("{2150E333-8FDC-42A3-9474-1A3956D46DE8}") = "Benchmarks", "Benchmarks", "{14753FBA-8F9B-48A1-9983-7DC37CB32914}"
EndProject
Project("{2150E333-8FDC-42A3-9474-1A3956D46DE8}") = "Tests", "Tests", "{A77F1B9E-5576-46F0-BE58-C85FA9FA3A58}"
EndProject
Project("{2150E333-8FDC-42A3-9474-1A3956D46DE8}") = "Connect", "Connect", "{6421F571-315C-47BB-A9F9-4542759E968E}"
EndProject
Project("{9A19103F-16F7-4668-BE54-9A1E7A4F7556}") = "KNetConnectTest", "KNetConnectTest\KNetConnectTest.csproj", "{7F3A2CE5-ADEE-426F-BE99-D899D87EFF2F}"
EndProject
Global
	GlobalSection(SolutionConfigurationPlatforms) = preSolution
		Debug|Any CPU = Debug|Any CPU
		Release|Any CPU = Release|Any CPU
	EndGlobalSection
	GlobalSection(ProjectConfigurationPlatforms) = postSolution
		{C556E8A0-8B06-4D5B-AEAD-B318B48DF150}.Debug|Any CPU.ActiveCfg = Debug|Any CPU
		{C556E8A0-8B06-4D5B-AEAD-B318B48DF150}.Debug|Any CPU.Build.0 = Debug|Any CPU
		{C556E8A0-8B06-4D5B-AEAD-B318B48DF150}.Release|Any CPU.ActiveCfg = Release|Any CPU
		{C556E8A0-8B06-4D5B-AEAD-B318B48DF150}.Release|Any CPU.Build.0 = Release|Any CPU
		{14871D50-7E4E-4BAE-8005-CA86E891F602}.Debug|Any CPU.ActiveCfg = Debug|Any CPU
		{14871D50-7E4E-4BAE-8005-CA86E891F602}.Debug|Any CPU.Build.0 = Debug|Any CPU
		{14871D50-7E4E-4BAE-8005-CA86E891F602}.Release|Any CPU.ActiveCfg = Release|Any CPU
		{14871D50-7E4E-4BAE-8005-CA86E891F602}.Release|Any CPU.Build.0 = Release|Any CPU
		{17E101E1-A0F8-44F0-929C-498E4A41F551}.Debug|Any CPU.ActiveCfg = Debug|Any CPU
		{17E101E1-A0F8-44F0-929C-498E4A41F551}.Debug|Any CPU.Build.0 = Debug|Any CPU
		{17E101E1-A0F8-44F0-929C-498E4A41F551}.Release|Any CPU.ActiveCfg = Release|Any CPU
		{17E101E1-A0F8-44F0-929C-498E4A41F551}.Release|Any CPU.Build.0 = Release|Any CPU
		{DE8D288D-8438-42EA-892F-F59840CFE322}.Debug|Any CPU.ActiveCfg = Debug|Any CPU
		{DE8D288D-8438-42EA-892F-F59840CFE322}.Debug|Any CPU.Build.0 = Debug|Any CPU
		{DE8D288D-8438-42EA-892F-F59840CFE322}.Release|Any CPU.ActiveCfg = Release|Any CPU
		{DE8D288D-8438-42EA-892F-F59840CFE322}.Release|Any CPU.Build.0 = Release|Any CPU
		{8A6C9438-A389-4563-98EE-1386E0E62AAA}.Debug|Any CPU.ActiveCfg = Debug|Any CPU
		{8A6C9438-A389-4563-98EE-1386E0E62AAA}.Debug|Any CPU.Build.0 = Debug|Any CPU
		{8A6C9438-A389-4563-98EE-1386E0E62AAA}.Release|Any CPU.ActiveCfg = Release|Any CPU
		{8A6C9438-A389-4563-98EE-1386E0E62AAA}.Release|Any CPU.Build.0 = Release|Any CPU
		{C6A11273-A560-4BB1-9234-961D30824DAB}.Debug|Any CPU.ActiveCfg = Debug|Any CPU
		{C6A11273-A560-4BB1-9234-961D30824DAB}.Debug|Any CPU.Build.0 = Debug|Any CPU
		{C6A11273-A560-4BB1-9234-961D30824DAB}.Release|Any CPU.ActiveCfg = Release|Any CPU
		{C6A11273-A560-4BB1-9234-961D30824DAB}.Release|Any CPU.Build.0 = Release|Any CPU
		{7F3A2CE5-ADEE-426F-BE99-D899D87EFF2F}.Debug|Any CPU.ActiveCfg = Debug|Any CPU
		{7F3A2CE5-ADEE-426F-BE99-D899D87EFF2F}.Debug|Any CPU.Build.0 = Debug|Any CPU
		{7F3A2CE5-ADEE-426F-BE99-D899D87EFF2F}.Release|Any CPU.ActiveCfg = Release|Any CPU
		{7F3A2CE5-ADEE-426F-BE99-D899D87EFF2F}.Release|Any CPU.Build.0 = Release|Any CPU
	EndGlobalSection
	GlobalSection(SolutionProperties) = preSolution
		HideSolutionNode = FALSE
	EndGlobalSection
	GlobalSection(NestedProjects) = preSolution
		{C556E8A0-8B06-4D5B-AEAD-B318B48DF150} = {A77F1B9E-5576-46F0-BE58-C85FA9FA3A58}
		{17E101E1-A0F8-44F0-929C-498E4A41F551} = {A77F1B9E-5576-46F0-BE58-C85FA9FA3A58}
		{DE8D288D-8438-42EA-892F-F59840CFE322} = {A77F1B9E-5576-46F0-BE58-C85FA9FA3A58}
		{8A6C9438-A389-4563-98EE-1386E0E62AAA} = {14753FBA-8F9B-48A1-9983-7DC37CB32914}
		{C6A11273-A560-4BB1-9234-961D30824DAB} = {14753FBA-8F9B-48A1-9983-7DC37CB32914}
		{7F3A2CE5-ADEE-426F-BE99-D899D87EFF2F} = {6421F571-315C-47BB-A9F9-4542759E968E}
	EndGlobalSection
	GlobalSection(ExtensibilityGlobals) = postSolution
		SolutionGuid = {0A7C16DC-1BAA-44BC-AA1C-D40B7B61878E}
	EndGlobalSection
EndGlobal
