Microsoft Visual Studio Solution File, Format Version 12.00
# Visual Studio Version 17
VisualStudioVersion = 17.1.32319.34
MinimumVisualStudioVersion = 10.0.40219.1
Project("{9A19103F-16F7-4668-BE54-9A1E7A4F7556}") = "KNet", "..\..\src\net\KNet\KNet.csproj", "{14871D50-7E4E-4BAE-8005-CA86E891F602}"
EndProject
Project("{2150E333-8FDC-42A3-9474-1A3956D46DE8}") = "Benchmarks", "Benchmarks", "{14753FBA-8F9B-48A1-9983-7DC37CB32914}"
EndProject
Project("{2150E333-8FDC-42A3-9474-1A3956D46DE8}") = "General", "General", "{A77F1B9E-5576-46F0-BE58-C85FA9FA3A58}"
EndProject
Project("{2150E333-8FDC-42A3-9474-1A3956D46DE8}") = "Connect", "Connect", "{6421F571-315C-47BB-A9F9-4542759E968E}"
EndProject
Project("{9A19103F-16F7-4668-BE54-9A1E7A4F7556}") = "KNetConnect", "..\..\src\net\KNetConnect\KNetConnect.csproj", "{969D44CC-1EE3-4176-B139-9B6860D88602}"
EndProject
Project("{2150E333-8FDC-42A3-9474-1A3956D46DE8}") = "Core", "Core", "{345DA483-99E7-4FA0-A5D5-5EE62E49E668}"
EndProject
Project("{9A19103F-16F7-4668-BE54-9A1E7A4F7556}") = "KNet.Serialization.Json", "..\..\src\net\KNet.Serialization.Json\KNet.Serialization.Json.csproj", "{64C1B6AC-F7D8-43FD-BA1F-584EF5B5934A}"
EndProject
Project("{9A19103F-16F7-4668-BE54-9A1E7A4F7556}") = "KNet.Serialization.Protobuf", "..\..\src\net\KNet.Serialization.Protobuf\KNet.Serialization.Protobuf.csproj", "{0580E90D-271D-46B0-8274-EB29D521F399}"
EndProject
Project("{9A19103F-16F7-4668-BE54-9A1E7A4F7556}") = "KNet.Serialization.Avro", "..\..\src\net\KNet.Serialization.Avro\KNet.Serialization.Avro.csproj", "{2C02FC8F-FF75-4963-8545-EE58C105025D}"
EndProject
Project("{9A19103F-16F7-4668-BE54-9A1E7A4F7556}") = "KNet.Serialization.MessagePack", "..\..\src\net\KNet.Serialization.MessagePack\KNet.Serialization.MessagePack.csproj", "{D39E1D83-C3FC-4482-83F5-DDE89B53BEA8}"
EndProject
Project("{2150E333-8FDC-42A3-9474-1A3956D46DE8}") = "Templates", "Templates", "{68128D24-3F72-4A25-A876-509F12F38E73}"
EndProject
Project("{9A19103F-16F7-4668-BE54-9A1E7A4F7556}") = "knetConnectSink", "..\..\src\net\templates\templates\knetConnectSink\knetConnectSink.csproj", "{FC459C7B-5111-4FF7-A93A-5A02B48AA3B7}"
EndProject
Project("{9A19103F-16F7-4668-BE54-9A1E7A4F7556}") = "knetConnectSource", "..\..\src\net\templates\templates\knetConnectSource\knetConnectSource.csproj", "{5A3184EF-56BC-4AEA-95C4-8595FC5B1992}"
EndProject
Project("{9A19103F-16F7-4668-BE54-9A1E7A4F7556}") = "knetConsumerApp", "..\..\src\net\templates\templates\knetConsumerApp\knetConsumerApp.csproj", "{A40B1EE0-7407-47CB-B0FB-EE65A955A559}"
EndProject
Project("{9A19103F-16F7-4668-BE54-9A1E7A4F7556}") = "knetPipeStreamApp", "..\..\src\net\templates\templates\knetPipeStreamApp\knetPipeStreamApp.csproj", "{363CC373-CF04-4204-A44A-C96AB1B1085E}"
EndProject
Project("{9A19103F-16F7-4668-BE54-9A1E7A4F7556}") = "knetProducerApp", "..\..\src\net\templates\templates\knetProducerApp\knetProducerApp.csproj", "{8E8EB519-70A3-487A-BB71-096988CCA6A9}"
EndProject
Project("{2150E333-8FDC-42A3-9474-1A3956D46DE8}") = "Streams", "Streams", "{35AE6AB6-C68A-4605-9C66-EE652977C27A}"
EndProject
Project("{2150E333-8FDC-42A3-9474-1A3956D46DE8}") = "Tests", "Tests", "{3A8B1862-E4CB-4F06-9790-14FE91D8D93E}"
EndProject
Project("{9A19103F-16F7-4668-BE54-9A1E7A4F7556}") = "KNetTestKNetStreams", "Streams\KNetTestKNetStreams\KNetTestKNetStreams.csproj", "{445E97F5-40B6-4076-835D-11B7BF43F9AD}"
EndProject
Project("{9A19103F-16F7-4668-BE54-9A1E7A4F7556}") = "KNetTestStreams", "Streams\KNetTestStreams\KNetTestStreams.csproj", "{7E2FA3C5-C99A-4176-979C-D84F1F14B4DE}"
EndProject
Project("{9A19103F-16F7-4668-BE54-9A1E7A4F7556}") = "KNetConnectTest", "Connect\KNetConnectTest\KNetConnectTest.csproj", "{58E26434-18AD-4F16-AA0C-DC39B99751B8}"
EndProject
Project("{9A19103F-16F7-4668-BE54-9A1E7A4F7556}") = "KNetBenchmark", "Benchmarks\KNetBenchmark\KNetBenchmark.csproj", "{E111566D-7002-4C26-A0F6-FB3CED429A08}"
EndProject
Project("{9A19103F-16F7-4668-BE54-9A1E7A4F7556}") = "KNetRoundTripBenchmark", "Benchmarks\KNetRoundTripBenchmark\KNetRoundTripBenchmark.csproj", "{814798DE-6B17-4318-8392-2E9CDA6EED01}"
EndProject
Project("{9A19103F-16F7-4668-BE54-9A1E7A4F7556}") = "KNetTopicCopyBenchmark", "Benchmarks\KNetTopicCopyBenchmark\KNetTopicCopyBenchmark.csproj", "{064ECC10-79B3-40D8-A4AF-1F978CB46F42}"
EndProject
Project("{9A19103F-16F7-4668-BE54-9A1E7A4F7556}") = "KNetCompactedReplicatorTest", "General\KNetCompactedReplicatorTest\KNetCompactedReplicatorTest.csproj", "{5366F6CF-C488-4239-9448-C5D6E524E937}"
EndProject
Project("{9A19103F-16F7-4668-BE54-9A1E7A4F7556}") = "KNetClassicTest", "General\KNetClassicTest\KNetClassicTest.csproj", "{ABFF11A9-CF70-4FF1-9636-CE74243C8C0B}"
EndProject
Project("{9A19103F-16F7-4668-BE54-9A1E7A4F7556}") = "KNetTest", "General\KNetTest\KNetTest.csproj", "{A3A01398-B1A3-44C1-865F-4E9DBDCD381B}"
	ProjectSection(ProjectDependencies) = postProject
		{2C02FC8F-FF75-4963-8545-EE58C105025D} = {2C02FC8F-FF75-4963-8545-EE58C105025D}
	EndProjectSection
EndProject
Project("{9A19103F-16F7-4668-BE54-9A1E7A4F7556}") = "KNetTestAdmin", "General\KNetTestAdmin\KNetTestAdmin.csproj", "{BDC3FC68-09E4-4C3A-BF70-DB2B2C1BDE86}"
EndProject
Project("{9A19103F-16F7-4668-BE54-9A1E7A4F7556}") = "KNetTestSerDes", "General\KNetTestSerDes\KNetTestSerDes.csproj", "{20A0DA90-D4AB-45EE-874B-5B2D18D575F7}"
EndProject
Project("{9A19103F-16F7-4668-BE54-9A1E7A4F7556}") = "KNetStreamsTest", "Streams\KNetStreamsTest\KNetStreamsTest.csproj", "{7796E853-5BC4-4030-865F-F9FFA4C708B3}"
EndProject
Global
	GlobalSection(SolutionConfigurationPlatforms) = preSolution
		Debug|Any CPU = Debug|Any CPU
		Release|Any CPU = Release|Any CPU
	EndGlobalSection
	GlobalSection(ProjectConfigurationPlatforms) = postSolution
		{14871D50-7E4E-4BAE-8005-CA86E891F602}.Debug|Any CPU.ActiveCfg = Debug|Any CPU
		{14871D50-7E4E-4BAE-8005-CA86E891F602}.Debug|Any CPU.Build.0 = Debug|Any CPU
		{14871D50-7E4E-4BAE-8005-CA86E891F602}.Release|Any CPU.ActiveCfg = Release|Any CPU
		{14871D50-7E4E-4BAE-8005-CA86E891F602}.Release|Any CPU.Build.0 = Release|Any CPU
		{969D44CC-1EE3-4176-B139-9B6860D88602}.Debug|Any CPU.ActiveCfg = Debug|Any CPU
		{969D44CC-1EE3-4176-B139-9B6860D88602}.Debug|Any CPU.Build.0 = Debug|Any CPU
		{969D44CC-1EE3-4176-B139-9B6860D88602}.Release|Any CPU.ActiveCfg = Release|Any CPU
		{969D44CC-1EE3-4176-B139-9B6860D88602}.Release|Any CPU.Build.0 = Release|Any CPU
		{64C1B6AC-F7D8-43FD-BA1F-584EF5B5934A}.Debug|Any CPU.ActiveCfg = Debug|Any CPU
		{64C1B6AC-F7D8-43FD-BA1F-584EF5B5934A}.Debug|Any CPU.Build.0 = Debug|Any CPU
		{64C1B6AC-F7D8-43FD-BA1F-584EF5B5934A}.Release|Any CPU.ActiveCfg = Release|Any CPU
		{64C1B6AC-F7D8-43FD-BA1F-584EF5B5934A}.Release|Any CPU.Build.0 = Release|Any CPU
		{0580E90D-271D-46B0-8274-EB29D521F399}.Debug|Any CPU.ActiveCfg = Debug|Any CPU
		{0580E90D-271D-46B0-8274-EB29D521F399}.Debug|Any CPU.Build.0 = Debug|Any CPU
		{0580E90D-271D-46B0-8274-EB29D521F399}.Release|Any CPU.ActiveCfg = Release|Any CPU
		{0580E90D-271D-46B0-8274-EB29D521F399}.Release|Any CPU.Build.0 = Release|Any CPU
		{2C02FC8F-FF75-4963-8545-EE58C105025D}.Debug|Any CPU.ActiveCfg = Debug|Any CPU
		{2C02FC8F-FF75-4963-8545-EE58C105025D}.Debug|Any CPU.Build.0 = Debug|Any CPU
		{2C02FC8F-FF75-4963-8545-EE58C105025D}.Release|Any CPU.ActiveCfg = Release|Any CPU
		{2C02FC8F-FF75-4963-8545-EE58C105025D}.Release|Any CPU.Build.0 = Release|Any CPU
		{D39E1D83-C3FC-4482-83F5-DDE89B53BEA8}.Debug|Any CPU.ActiveCfg = Debug|Any CPU
		{D39E1D83-C3FC-4482-83F5-DDE89B53BEA8}.Debug|Any CPU.Build.0 = Debug|Any CPU
		{D39E1D83-C3FC-4482-83F5-DDE89B53BEA8}.Release|Any CPU.ActiveCfg = Release|Any CPU
		{D39E1D83-C3FC-4482-83F5-DDE89B53BEA8}.Release|Any CPU.Build.0 = Release|Any CPU
		{FC459C7B-5111-4FF7-A93A-5A02B48AA3B7}.Debug|Any CPU.ActiveCfg = Debug|Any CPU
		{FC459C7B-5111-4FF7-A93A-5A02B48AA3B7}.Debug|Any CPU.Build.0 = Debug|Any CPU
		{FC459C7B-5111-4FF7-A93A-5A02B48AA3B7}.Release|Any CPU.ActiveCfg = Release|Any CPU
		{FC459C7B-5111-4FF7-A93A-5A02B48AA3B7}.Release|Any CPU.Build.0 = Release|Any CPU
		{5A3184EF-56BC-4AEA-95C4-8595FC5B1992}.Debug|Any CPU.ActiveCfg = Debug|Any CPU
		{5A3184EF-56BC-4AEA-95C4-8595FC5B1992}.Debug|Any CPU.Build.0 = Debug|Any CPU
		{5A3184EF-56BC-4AEA-95C4-8595FC5B1992}.Release|Any CPU.ActiveCfg = Release|Any CPU
		{5A3184EF-56BC-4AEA-95C4-8595FC5B1992}.Release|Any CPU.Build.0 = Release|Any CPU
		{A40B1EE0-7407-47CB-B0FB-EE65A955A559}.Debug|Any CPU.ActiveCfg = Debug|Any CPU
		{A40B1EE0-7407-47CB-B0FB-EE65A955A559}.Debug|Any CPU.Build.0 = Debug|Any CPU
		{A40B1EE0-7407-47CB-B0FB-EE65A955A559}.Release|Any CPU.ActiveCfg = Release|Any CPU
		{A40B1EE0-7407-47CB-B0FB-EE65A955A559}.Release|Any CPU.Build.0 = Release|Any CPU
		{363CC373-CF04-4204-A44A-C96AB1B1085E}.Debug|Any CPU.ActiveCfg = Debug|Any CPU
		{363CC373-CF04-4204-A44A-C96AB1B1085E}.Debug|Any CPU.Build.0 = Debug|Any CPU
		{363CC373-CF04-4204-A44A-C96AB1B1085E}.Release|Any CPU.ActiveCfg = Release|Any CPU
		{363CC373-CF04-4204-A44A-C96AB1B1085E}.Release|Any CPU.Build.0 = Release|Any CPU
		{8E8EB519-70A3-487A-BB71-096988CCA6A9}.Debug|Any CPU.ActiveCfg = Debug|Any CPU
		{8E8EB519-70A3-487A-BB71-096988CCA6A9}.Debug|Any CPU.Build.0 = Debug|Any CPU
		{8E8EB519-70A3-487A-BB71-096988CCA6A9}.Release|Any CPU.ActiveCfg = Release|Any CPU
		{8E8EB519-70A3-487A-BB71-096988CCA6A9}.Release|Any CPU.Build.0 = Release|Any CPU
		{445E97F5-40B6-4076-835D-11B7BF43F9AD}.Debug|Any CPU.ActiveCfg = Debug|Any CPU
		{445E97F5-40B6-4076-835D-11B7BF43F9AD}.Debug|Any CPU.Build.0 = Debug|Any CPU
		{445E97F5-40B6-4076-835D-11B7BF43F9AD}.Release|Any CPU.ActiveCfg = Release|Any CPU
		{445E97F5-40B6-4076-835D-11B7BF43F9AD}.Release|Any CPU.Build.0 = Release|Any CPU
		{7E2FA3C5-C99A-4176-979C-D84F1F14B4DE}.Debug|Any CPU.ActiveCfg = Debug|Any CPU
		{7E2FA3C5-C99A-4176-979C-D84F1F14B4DE}.Debug|Any CPU.Build.0 = Debug|Any CPU
		{7E2FA3C5-C99A-4176-979C-D84F1F14B4DE}.Release|Any CPU.ActiveCfg = Release|Any CPU
		{7E2FA3C5-C99A-4176-979C-D84F1F14B4DE}.Release|Any CPU.Build.0 = Release|Any CPU
		{58E26434-18AD-4F16-AA0C-DC39B99751B8}.Debug|Any CPU.ActiveCfg = Debug|Any CPU
		{58E26434-18AD-4F16-AA0C-DC39B99751B8}.Debug|Any CPU.Build.0 = Debug|Any CPU
		{58E26434-18AD-4F16-AA0C-DC39B99751B8}.Release|Any CPU.ActiveCfg = Release|Any CPU
		{58E26434-18AD-4F16-AA0C-DC39B99751B8}.Release|Any CPU.Build.0 = Release|Any CPU
		{E111566D-7002-4C26-A0F6-FB3CED429A08}.Debug|Any CPU.ActiveCfg = Debug|Any CPU
		{E111566D-7002-4C26-A0F6-FB3CED429A08}.Debug|Any CPU.Build.0 = Debug|Any CPU
		{E111566D-7002-4C26-A0F6-FB3CED429A08}.Release|Any CPU.ActiveCfg = Release|Any CPU
		{E111566D-7002-4C26-A0F6-FB3CED429A08}.Release|Any CPU.Build.0 = Release|Any CPU
		{814798DE-6B17-4318-8392-2E9CDA6EED01}.Debug|Any CPU.ActiveCfg = Debug|Any CPU
		{814798DE-6B17-4318-8392-2E9CDA6EED01}.Debug|Any CPU.Build.0 = Debug|Any CPU
		{814798DE-6B17-4318-8392-2E9CDA6EED01}.Release|Any CPU.ActiveCfg = Release|Any CPU
		{814798DE-6B17-4318-8392-2E9CDA6EED01}.Release|Any CPU.Build.0 = Release|Any CPU
		{064ECC10-79B3-40D8-A4AF-1F978CB46F42}.Debug|Any CPU.ActiveCfg = Debug|Any CPU
		{064ECC10-79B3-40D8-A4AF-1F978CB46F42}.Debug|Any CPU.Build.0 = Debug|Any CPU
		{064ECC10-79B3-40D8-A4AF-1F978CB46F42}.Release|Any CPU.ActiveCfg = Release|Any CPU
		{064ECC10-79B3-40D8-A4AF-1F978CB46F42}.Release|Any CPU.Build.0 = Release|Any CPU
		{5366F6CF-C488-4239-9448-C5D6E524E937}.Debug|Any CPU.ActiveCfg = Debug|Any CPU
		{5366F6CF-C488-4239-9448-C5D6E524E937}.Debug|Any CPU.Build.0 = Debug|Any CPU
		{5366F6CF-C488-4239-9448-C5D6E524E937}.Release|Any CPU.ActiveCfg = Release|Any CPU
		{5366F6CF-C488-4239-9448-C5D6E524E937}.Release|Any CPU.Build.0 = Release|Any CPU
		{ABFF11A9-CF70-4FF1-9636-CE74243C8C0B}.Debug|Any CPU.ActiveCfg = Debug|Any CPU
		{ABFF11A9-CF70-4FF1-9636-CE74243C8C0B}.Debug|Any CPU.Build.0 = Debug|Any CPU
		{ABFF11A9-CF70-4FF1-9636-CE74243C8C0B}.Release|Any CPU.ActiveCfg = Release|Any CPU
		{ABFF11A9-CF70-4FF1-9636-CE74243C8C0B}.Release|Any CPU.Build.0 = Release|Any CPU
		{A3A01398-B1A3-44C1-865F-4E9DBDCD381B}.Debug|Any CPU.ActiveCfg = Debug|Any CPU
		{A3A01398-B1A3-44C1-865F-4E9DBDCD381B}.Debug|Any CPU.Build.0 = Debug|Any CPU
		{A3A01398-B1A3-44C1-865F-4E9DBDCD381B}.Release|Any CPU.ActiveCfg = Release|Any CPU
		{A3A01398-B1A3-44C1-865F-4E9DBDCD381B}.Release|Any CPU.Build.0 = Release|Any CPU
		{BDC3FC68-09E4-4C3A-BF70-DB2B2C1BDE86}.Debug|Any CPU.ActiveCfg = Debug|Any CPU
		{BDC3FC68-09E4-4C3A-BF70-DB2B2C1BDE86}.Debug|Any CPU.Build.0 = Debug|Any CPU
		{BDC3FC68-09E4-4C3A-BF70-DB2B2C1BDE86}.Release|Any CPU.ActiveCfg = Release|Any CPU
		{BDC3FC68-09E4-4C3A-BF70-DB2B2C1BDE86}.Release|Any CPU.Build.0 = Release|Any CPU
		{20A0DA90-D4AB-45EE-874B-5B2D18D575F7}.Debug|Any CPU.ActiveCfg = Debug|Any CPU
		{20A0DA90-D4AB-45EE-874B-5B2D18D575F7}.Debug|Any CPU.Build.0 = Debug|Any CPU
		{20A0DA90-D4AB-45EE-874B-5B2D18D575F7}.Release|Any CPU.ActiveCfg = Release|Any CPU
		{20A0DA90-D4AB-45EE-874B-5B2D18D575F7}.Release|Any CPU.Build.0 = Release|Any CPU
		{7796E853-5BC4-4030-865F-F9FFA4C708B3}.Debug|Any CPU.ActiveCfg = Debug|Any CPU
		{7796E853-5BC4-4030-865F-F9FFA4C708B3}.Debug|Any CPU.Build.0 = Debug|Any CPU
		{7796E853-5BC4-4030-865F-F9FFA4C708B3}.Release|Any CPU.ActiveCfg = Release|Any CPU
		{7796E853-5BC4-4030-865F-F9FFA4C708B3}.Release|Any CPU.Build.0 = Release|Any CPU
	EndGlobalSection
	GlobalSection(SolutionProperties) = preSolution
		HideSolutionNode = FALSE
	EndGlobalSection
	GlobalSection(NestedProjects) = preSolution
		{14871D50-7E4E-4BAE-8005-CA86E891F602} = {345DA483-99E7-4FA0-A5D5-5EE62E49E668}
		{14753FBA-8F9B-48A1-9983-7DC37CB32914} = {3A8B1862-E4CB-4F06-9790-14FE91D8D93E}
		{A77F1B9E-5576-46F0-BE58-C85FA9FA3A58} = {3A8B1862-E4CB-4F06-9790-14FE91D8D93E}
		{6421F571-315C-47BB-A9F9-4542759E968E} = {3A8B1862-E4CB-4F06-9790-14FE91D8D93E}
		{969D44CC-1EE3-4176-B139-9B6860D88602} = {6421F571-315C-47BB-A9F9-4542759E968E}
		{64C1B6AC-F7D8-43FD-BA1F-584EF5B5934A} = {345DA483-99E7-4FA0-A5D5-5EE62E49E668}
		{0580E90D-271D-46B0-8274-EB29D521F399} = {345DA483-99E7-4FA0-A5D5-5EE62E49E668}
		{2C02FC8F-FF75-4963-8545-EE58C105025D} = {345DA483-99E7-4FA0-A5D5-5EE62E49E668}
		{D39E1D83-C3FC-4482-83F5-DDE89B53BEA8} = {345DA483-99E7-4FA0-A5D5-5EE62E49E668}
		{FC459C7B-5111-4FF7-A93A-5A02B48AA3B7} = {68128D24-3F72-4A25-A876-509F12F38E73}
		{5A3184EF-56BC-4AEA-95C4-8595FC5B1992} = {68128D24-3F72-4A25-A876-509F12F38E73}
		{A40B1EE0-7407-47CB-B0FB-EE65A955A559} = {68128D24-3F72-4A25-A876-509F12F38E73}
		{363CC373-CF04-4204-A44A-C96AB1B1085E} = {68128D24-3F72-4A25-A876-509F12F38E73}
		{8E8EB519-70A3-487A-BB71-096988CCA6A9} = {68128D24-3F72-4A25-A876-509F12F38E73}
		{35AE6AB6-C68A-4605-9C66-EE652977C27A} = {3A8B1862-E4CB-4F06-9790-14FE91D8D93E}
		{445E97F5-40B6-4076-835D-11B7BF43F9AD} = {35AE6AB6-C68A-4605-9C66-EE652977C27A}
		{7E2FA3C5-C99A-4176-979C-D84F1F14B4DE} = {35AE6AB6-C68A-4605-9C66-EE652977C27A}
		{58E26434-18AD-4F16-AA0C-DC39B99751B8} = {6421F571-315C-47BB-A9F9-4542759E968E}
		{E111566D-7002-4C26-A0F6-FB3CED429A08} = {14753FBA-8F9B-48A1-9983-7DC37CB32914}
		{814798DE-6B17-4318-8392-2E9CDA6EED01} = {14753FBA-8F9B-48A1-9983-7DC37CB32914}
		{064ECC10-79B3-40D8-A4AF-1F978CB46F42} = {14753FBA-8F9B-48A1-9983-7DC37CB32914}
		{5366F6CF-C488-4239-9448-C5D6E524E937} = {A77F1B9E-5576-46F0-BE58-C85FA9FA3A58}
		{ABFF11A9-CF70-4FF1-9636-CE74243C8C0B} = {A77F1B9E-5576-46F0-BE58-C85FA9FA3A58}
		{A3A01398-B1A3-44C1-865F-4E9DBDCD381B} = {A77F1B9E-5576-46F0-BE58-C85FA9FA3A58}
		{BDC3FC68-09E4-4C3A-BF70-DB2B2C1BDE86} = {A77F1B9E-5576-46F0-BE58-C85FA9FA3A58}
		{20A0DA90-D4AB-45EE-874B-5B2D18D575F7} = {A77F1B9E-5576-46F0-BE58-C85FA9FA3A58}
		{7796E853-5BC4-4030-865F-F9FFA4C708B3} = {35AE6AB6-C68A-4605-9C66-EE652977C27A}
	EndGlobalSection
	GlobalSection(ExtensibilityGlobals) = postSolution
		SolutionGuid = {0A7C16DC-1BAA-44BC-AA1C-D40B7B61878E}
	EndGlobalSection
EndGlobal
