
Microsoft Visual Studio Solution File, Format Version 12.00
# Visual Studio Version 16
VisualStudioVersion = 16.0.31624.102
MinimumVisualStudioVersion = 10.0.40219.1
Project("{9A19103F-16F7-4668-BE54-9A1E7A4F7556}") = "kafkabridgeConsoleApp", "templates\templates\kafkabridgeConsoleApp\kafkabridgeConsoleApp.csproj", "{3A37A5BD-93E8-4F5C-944F-70137F8E902B}"
EndProject
Project("{9A19103F-16F7-4668-BE54-9A1E7A4F7556}") = "KafkaBridge", "KafkaBridge\KafkaBridge.csproj", "{3DB45E58-F79C-448E-A028-2CD17A55EFF6}"
EndProject
Global
	GlobalSection(SolutionConfigurationPlatforms) = preSolution
		Debug|Any CPU = Debug|Any CPU
		Release|Any CPU = Release|Any CPU
	EndGlobalSection
	GlobalSection(ProjectConfigurationPlatforms) = postSolution
		{3A37A5BD-93E8-4F5C-944F-70137F8E902B}.Debug|Any CPU.ActiveCfg = Debug|Any CPU
		{3A37A5BD-93E8-4F5C-944F-70137F8E902B}.Debug|Any CPU.Build.0 = Debug|Any CPU
		{3A37A5BD-93E8-4F5C-944F-70137F8E902B}.Release|Any CPU.ActiveCfg = Release|Any CPU
		{3A37A5BD-93E8-4F5C-944F-70137F8E902B}.Release|Any CPU.Build.0 = Release|Any CPU
		{3DB45E58-F79C-448E-A028-2CD17A55EFF6}.Debug|Any CPU.ActiveCfg = Debug|Any CPU
		{3DB45E58-F79C-448E-A028-2CD17A55EFF6}.Debug|Any CPU.Build.0 = Debug|Any CPU
		{3DB45E58-F79C-448E-A028-2CD17A55EFF6}.Release|Any CPU.ActiveCfg = Release|Any CPU
		{3DB45E58-F79C-448E-A028-2CD17A55EFF6}.Release|Any CPU.Build.0 = Release|Any CPU
	EndGlobalSection
	GlobalSection(SolutionProperties) = preSolution
		HideSolutionNode = FALSE
	EndGlobalSection
	GlobalSection(ExtensibilityGlobals) = postSolution
		SolutionGuid = {337100A8-DBCD-4838-B9C7-74EC0DE78755}
	EndGlobalSection
EndGlobal
