
Microsoft Visual Studio Solution File, Format Version 12.00
# Visual Studio Version 16
VisualStudioVersion = 16.0.31624.102
MinimumVisualStudioVersion = 10.0.40219.1
Project("{9A19103F-16F7-4668-BE54-9A1E7A4F7556}") = "KafkaBridge", "KafkaBridge\KafkaBridge.csproj", "{3DB45E58-F79C-448E-A028-2CD17A55EFF6}"
EndProject
Project("{9A19103F-16F7-4668-BE54-9A1E7A4F7556}") = "kafkabridgeProducerApp", "templates\templates\kafkabridgeProducerApp\kafkabridgeProducerApp.csproj", "{E5C4AD50-8556-47E6-877D-FDB8A8A5F6AB}"
EndProject
Project("{9A19103F-16F7-4668-BE54-9A1E7A4F7556}") = "kafkabridgeConsumerApp", "templates\templates\kafkabridgeConsumerApp\kafkabridgeConsumerApp.csproj", "{A1CF5D0C-C76C-4E44-A113-8F73DC7F3732}"
EndProject
Global
	GlobalSection(SolutionConfigurationPlatforms) = preSolution
		Debug|Any CPU = Debug|Any CPU
		Release|Any CPU = Release|Any CPU
	EndGlobalSection
	GlobalSection(ProjectConfigurationPlatforms) = postSolution
		{3DB45E58-F79C-448E-A028-2CD17A55EFF6}.Debug|Any CPU.ActiveCfg = Debug|Any CPU
		{3DB45E58-F79C-448E-A028-2CD17A55EFF6}.Debug|Any CPU.Build.0 = Debug|Any CPU
		{3DB45E58-F79C-448E-A028-2CD17A55EFF6}.Release|Any CPU.ActiveCfg = Release|Any CPU
		{3DB45E58-F79C-448E-A028-2CD17A55EFF6}.Release|Any CPU.Build.0 = Release|Any CPU
		{E5C4AD50-8556-47E6-877D-FDB8A8A5F6AB}.Debug|Any CPU.ActiveCfg = Debug|Any CPU
		{E5C4AD50-8556-47E6-877D-FDB8A8A5F6AB}.Debug|Any CPU.Build.0 = Debug|Any CPU
		{E5C4AD50-8556-47E6-877D-FDB8A8A5F6AB}.Release|Any CPU.ActiveCfg = Release|Any CPU
		{E5C4AD50-8556-47E6-877D-FDB8A8A5F6AB}.Release|Any CPU.Build.0 = Release|Any CPU
		{A1CF5D0C-C76C-4E44-A113-8F73DC7F3732}.Debug|Any CPU.ActiveCfg = Debug|Any CPU
		{A1CF5D0C-C76C-4E44-A113-8F73DC7F3732}.Debug|Any CPU.Build.0 = Debug|Any CPU
		{A1CF5D0C-C76C-4E44-A113-8F73DC7F3732}.Release|Any CPU.ActiveCfg = Release|Any CPU
		{A1CF5D0C-C76C-4E44-A113-8F73DC7F3732}.Release|Any CPU.Build.0 = Release|Any CPU
	EndGlobalSection
	GlobalSection(SolutionProperties) = preSolution
		HideSolutionNode = FALSE
	EndGlobalSection
	GlobalSection(ExtensibilityGlobals) = postSolution
		SolutionGuid = {337100A8-DBCD-4838-B9C7-74EC0DE78755}
	EndGlobalSection
EndGlobal
